
Microsoft Visual Studio Solution File, Format Version 12.00
# Visual Studio Version 16
VisualStudioVersion = 16.0.29326.143
MinimumVisualStudioVersion = 10.0.40219.1
Project("{FAE04EC0-301F-11D3-BF4B-00C04F79EFBC}") = "lab5", "lab5\lab5.csproj", "{4C4261A7-5249-450C-A969-4A61A2A310FE}"
EndProject
Global
	GlobalSection(SolutionConfigurationPlatforms) = preSolution
		Debug|Any CPU = Debug|Any CPU
		Release|Any CPU = Release|Any CPU
	EndGlobalSection
	GlobalSection(ProjectConfigurationPlatforms) = postSolution
		{4C4261A7-5249-450C-A969-4A61A2A310FE}.Debug|Any CPU.ActiveCfg = Debug|Any CPU
		{4C4261A7-5249-450C-A969-4A61A2A310FE}.Debug|Any CPU.Build.0 = Debug|Any CPU
		{4C4261A7-5249-450C-A969-4A61A2A310FE}.Release|Any CPU.ActiveCfg = Release|Any CPU
		{4C4261A7-5249-450C-A969-4A61A2A310FE}.Release|Any CPU.Build.0 = Release|Any CPU
	EndGlobalSection
	GlobalSection(SolutionProperties) = preSolution
		HideSolutionNode = FALSE
	EndGlobalSection
	GlobalSection(ExtensibilityGlobals) = postSolution
		SolutionGuid = {1CB9F00F-78D6-4B8A-A227-BDB8A6F1183E}
	EndGlobalSection
EndGlobal
